// !$*UTF8*$!
{
	archiveVersion = 1;
	classes = {
	};
	objectVersion = 50;
	objects = {

/* Begin PBXBuildFile section */
		94A0FD5A23D5E00D00D18353 /* AppDelegate.swift in Sources */ = {isa = PBXBuildFile; fileRef = 94A0FD5923D5E00D00D18353 /* AppDelegate.swift */; };
		94A0FD5C23D5E00D00D18353 /* SceneDelegate.swift in Sources */ = {isa = PBXBuildFile; fileRef = 94A0FD5B23D5E00D00D18353 /* SceneDelegate.swift */; };
		94A0FD5E23D5E00D00D18353 /* ViewController.swift in Sources */ = {isa = PBXBuildFile; fileRef = 94A0FD5D23D5E00D00D18353 /* ViewController.swift */; };
		94A0FD6123D5E00D00D18353 /* Main.storyboard in Resources */ = {isa = PBXBuildFile; fileRef = 94A0FD5F23D5E00D00D18353 /* Main.storyboard */; };
		94A0FD6323D5E00F00D18353 /* Assets.xcassets in Resources */ = {isa = PBXBuildFile; fileRef = 94A0FD6223D5E00F00D18353 /* Assets.xcassets */; };
		94A0FD6623D5E00F00D18353 /* LaunchScreen.storyboard in Resources */ = {isa = PBXBuildFile; fileRef = 94A0FD6423D5E00F00D18353 /* LaunchScreen.storyboard */; };
		94A0FD6E23D5E8F600D18353 /* String+Extension.swift in Sources */ = {isa = PBXBuildFile; fileRef = 94A0FD6D23D5E8F600D18353 /* String+Extension.swift */; };
		94A0FD7023D5E99A00D18353 /* Model.swift in Sources */ = {isa = PBXBuildFile; fileRef = 94A0FD6F23D5E99A00D18353 /* Model.swift */; };
		94A0FD7923D5EB0900D18353 /* TableViewCell.swift in Sources */ = {isa = PBXBuildFile; fileRef = 94A0FD7823D5EB0900D18353 /* TableViewCell.swift */; };
		94A0FD7B23D5F9D800D18353 /* UIViewController+Extension.swift in Sources */ = {isa = PBXBuildFile; fileRef = 94A0FD7A23D5F9D800D18353 /* UIViewController+Extension.swift */; };
		94A0FD7E23D5FAAA00D18353 /* NetworkRequest.swift in Sources */ = {isa = PBXBuildFile; fileRef = 94A0FD7D23D5FAAA00D18353 /* NetworkRequest.swift */; };
		94A0FD8123D5FD5600D18353 /* GithubRequest.swift in Sources */ = {isa = PBXBuildFile; fileRef = 94A0FD8023D5FD5600D18353 /* GithubRequest.swift */; };
		94A0FD8323D5FD9300D18353 /* RequestFactory.swift in Sources */ = {isa = PBXBuildFile; fileRef = 94A0FD8223D5FD9300D18353 /* RequestFactory.swift */; };
		94A0FD8523D5FEE700D18353 /* NSError+Extension.swift in Sources */ = {isa = PBXBuildFile; fileRef = 94A0FD8423D5FEE700D18353 /* NSError+Extension.swift */; };
		94A0FD8823D5FF2000D18353 /* URLParameretersEncoder.swift in Sources */ = {isa = PBXBuildFile; fileRef = 94A0FD8723D5FF2000D18353 /* URLParameretersEncoder.swift */; };
		94A0FD8A23D5FF3800D18353 /* JSONParametersEncoder.swift in Sources */ = {isa = PBXBuildFile; fileRef = 94A0FD8923D5FF3800D18353 /* JSONParametersEncoder.swift */; };
		94A0FD8C23D5FF5800D18353 /* HTTPMethod.swift in Sources */ = {isa = PBXBuildFile; fileRef = 94A0FD8B23D5FF5800D18353 /* HTTPMethod.swift */; };
		94A0FD8E23D6031300D18353 /* View.swift in Sources */ = {isa = PBXBuildFile; fileRef = 94A0FD8D23D6031300D18353 /* View.swift */; };
		94A0FD9023D604AE00D18353 /* NiblessViewController.swift in Sources */ = {isa = PBXBuildFile; fileRef = 94A0FD8F23D604AE00D18353 /* NiblessViewController.swift */; };
/* End PBXBuildFile section */

/* Begin PBXFileReference section */
		94A0FD5623D5E00D00D18353 /* GithubRailsCommits.app */ = {isa = PBXFileReference; explicitFileType = wrapper.application; includeInIndex = 0; path = GithubRailsCommits.app; sourceTree = BUILT_PRODUCTS_DIR; };
		94A0FD5923D5E00D00D18353 /* AppDelegate.swift */ = {isa = PBXFileReference; lastKnownFileType = sourcecode.swift; path = AppDelegate.swift; sourceTree = "<group>"; };
		94A0FD5B23D5E00D00D18353 /* SceneDelegate.swift */ = {isa = PBXFileReference; lastKnownFileType = sourcecode.swift; path = SceneDelegate.swift; sourceTree = "<group>"; };
		94A0FD5D23D5E00D00D18353 /* ViewController.swift */ = {isa = PBXFileReference; lastKnownFileType = sourcecode.swift; path = ViewController.swift; sourceTree = "<group>"; };
		94A0FD6023D5E00D00D18353 /* Base */ = {isa = PBXFileReference; lastKnownFileType = file.storyboard; name = Base; path = Base.lproj/Main.storyboard; sourceTree = "<group>"; };
		94A0FD6223D5E00F00D18353 /* Assets.xcassets */ = {isa = PBXFileReference; lastKnownFileType = folder.assetcatalog; path = Assets.xcassets; sourceTree = "<group>"; };
		94A0FD6523D5E00F00D18353 /* Base */ = {isa = PBXFileReference; lastKnownFileType = file.storyboard; name = Base; path = Base.lproj/LaunchScreen.storyboard; sourceTree = "<group>"; };
		94A0FD6723D5E00F00D18353 /* Info.plist */ = {isa = PBXFileReference; lastKnownFileType = text.plist.xml; path = Info.plist; sourceTree = "<group>"; };
		94A0FD6D23D5E8F600D18353 /* String+Extension.swift */ = {isa = PBXFileReference; lastKnownFileType = sourcecode.swift; path = "String+Extension.swift"; sourceTree = "<group>"; };
		94A0FD6F23D5E99A00D18353 /* Model.swift */ = {isa = PBXFileReference; lastKnownFileType = sourcecode.swift; path = Model.swift; sourceTree = "<group>"; };
		94A0FD7823D5EB0900D18353 /* TableViewCell.swift */ = {isa = PBXFileReference; lastKnownFileType = sourcecode.swift; path = TableViewCell.swift; sourceTree = "<group>"; };
		94A0FD7A23D5F9D800D18353 /* UIViewController+Extension.swift */ = {isa = PBXFileReference; lastKnownFileType = sourcecode.swift; path = "UIViewController+Extension.swift"; sourceTree = "<group>"; };
		94A0FD7D23D5FAAA00D18353 /* NetworkRequest.swift */ = {isa = PBXFileReference; lastKnownFileType = sourcecode.swift; path = NetworkRequest.swift; sourceTree = "<group>"; };
		94A0FD8023D5FD5600D18353 /* GithubRequest.swift */ = {isa = PBXFileReference; lastKnownFileType = sourcecode.swift; path = GithubRequest.swift; sourceTree = "<group>"; };
		94A0FD8223D5FD9300D18353 /* RequestFactory.swift */ = {isa = PBXFileReference; lastKnownFileType = sourcecode.swift; path = RequestFactory.swift; sourceTree = "<group>"; };
		94A0FD8423D5FEE700D18353 /* NSError+Extension.swift */ = {isa = PBXFileReference; lastKnownFileType = sourcecode.swift; path = "NSError+Extension.swift"; sourceTree = "<group>"; };
		94A0FD8723D5FF2000D18353 /* URLParameretersEncoder.swift */ = {isa = PBXFileReference; lastKnownFileType = sourcecode.swift; path = URLParameretersEncoder.swift; sourceTree = "<group>"; };
		94A0FD8923D5FF3800D18353 /* JSONParametersEncoder.swift */ = {isa = PBXFileReference; lastKnownFileType = sourcecode.swift; path = JSONParametersEncoder.swift; sourceTree = "<group>"; };
		94A0FD8B23D5FF5800D18353 /* HTTPMethod.swift */ = {isa = PBXFileReference; lastKnownFileType = sourcecode.swift; path = HTTPMethod.swift; sourceTree = "<group>"; };
		94A0FD8D23D6031300D18353 /* View.swift */ = {isa = PBXFileReference; lastKnownFileType = sourcecode.swift; path = View.swift; sourceTree = "<group>"; };
		94A0FD8F23D604AE00D18353 /* NiblessViewController.swift */ = {isa = PBXFileReference; lastKnownFileType = sourcecode.swift; path = NiblessViewController.swift; sourceTree = "<group>"; };
/* End PBXFileReference section */

/* Begin PBXFrameworksBuildPhase section */
		94A0FD5323D5E00D00D18353 /* Frameworks */ = {
			isa = PBXFrameworksBuildPhase;
			buildActionMask = 2147483647;
			files = (
			);
			runOnlyForDeploymentPostprocessing = 0;
		};
/* End PBXFrameworksBuildPhase section */

/* Begin PBXGroup section */
		94A0FD4D23D5E00D00D18353 = {
			isa = PBXGroup;
			children = (
				94A0FD5823D5E00D00D18353 /* GithubRailsCommits */,
				94A0FD5723D5E00D00D18353 /* Products */,
			);
			sourceTree = "<group>";
		};
		94A0FD5723D5E00D00D18353 /* Products */ = {
			isa = PBXGroup;
			children = (
				94A0FD5623D5E00D00D18353 /* GithubRailsCommits.app */,
			);
			name = Products;
			sourceTree = "<group>";
		};
		94A0FD5823D5E00D00D18353 /* GithubRailsCommits */ = {
			isa = PBXGroup;
			children = (
				94A0FD7323D5EA8900D18353 /* Resources */,
				94A0FD7123D5E9F300D18353 /* AppRoot */,
				94A0FD7223D5EA0400D18353 /* View */,
				94A0FD7623D5EADD00D18353 /* Model */,
				94A0FD7423D5EAAD00D18353 /* Helper */,
				94A0FD7C23D5FA9800D18353 /* Services */,
				94A0FD6723D5E00F00D18353 /* Info.plist */,
			);
			path = GithubRailsCommits;
			sourceTree = "<group>";
		};
		94A0FD7123D5E9F300D18353 /* AppRoot */ = {
			isa = PBXGroup;
			children = (
				94A0FD5923D5E00D00D18353 /* AppDelegate.swift */,
				94A0FD5B23D5E00D00D18353 /* SceneDelegate.swift */,
			);
			path = AppRoot;
			sourceTree = "<group>";
		};
		94A0FD7223D5EA0400D18353 /* View */ = {
			isa = PBXGroup;
			children = (
				94A0FD7723D5EAFA00D18353 /* Cell */,
				94A0FD5D23D5E00D00D18353 /* ViewController.swift */,
				94A0FD8D23D6031300D18353 /* View.swift */,
				94A0FD8F23D604AE00D18353 /* NiblessViewController.swift */,
			);
			path = View;
			sourceTree = "<group>";
		};
		94A0FD7323D5EA8900D18353 /* Resources */ = {
			isa = PBXGroup;
			children = (
				94A0FD5F23D5E00D00D18353 /* Main.storyboard */,
				94A0FD6223D5E00F00D18353 /* Assets.xcassets */,
				94A0FD6423D5E00F00D18353 /* LaunchScreen.storyboard */,
			);
			path = Resources;
			sourceTree = "<group>";
		};
		94A0FD7423D5EAAD00D18353 /* Helper */ = {
			isa = PBXGroup;
			children = (
				94A0FD7523D5EAB400D18353 /* Extensions */,
			);
			path = Helper;
			sourceTree = "<group>";
		};
		94A0FD7523D5EAB400D18353 /* Extensions */ = {
			isa = PBXGroup;
			children = (
				94A0FD6D23D5E8F600D18353 /* String+Extension.swift */,
				94A0FD7A23D5F9D800D18353 /* UIViewController+Extension.swift */,
				94A0FD8423D5FEE700D18353 /* NSError+Extension.swift */,
			);
			path = Extensions;
			sourceTree = "<group>";
		};
		94A0FD7623D5EADD00D18353 /* Model */ = {
			isa = PBXGroup;
			children = (
				94A0FD6F23D5E99A00D18353 /* Model.swift */,
			);
			path = Model;
			sourceTree = "<group>";
		};
		94A0FD7723D5EAFA00D18353 /* Cell */ = {
			isa = PBXGroup;
			children = (
				94A0FD7823D5EB0900D18353 /* TableViewCell.swift */,
			);
			path = Cell;
			sourceTree = "<group>";
		};
		94A0FD7C23D5FA9800D18353 /* Services */ = {
			isa = PBXGroup;
			children = (
				94A0FD7F23D5FD2E00D18353 /* GithubRequest */,
				94A0FD8623D5FF0200D18353 /* CustomEncoders */,
				94A0FD7D23D5FAAA00D18353 /* NetworkRequest.swift */,
				94A0FD8223D5FD9300D18353 /* RequestFactory.swift */,
				94A0FD8B23D5FF5800D18353 /* HTTPMethod.swift */,
			);
			path = Services;
			sourceTree = "<group>";
		};
		94A0FD7F23D5FD2E00D18353 /* GithubRequest */ = {
			isa = PBXGroup;
			children = (
				94A0FD8023D5FD5600D18353 /* GithubRequest.swift */,
			);
			path = GithubRequest;
			sourceTree = "<group>";
		};
		94A0FD8623D5FF0200D18353 /* CustomEncoders */ = {
			isa = PBXGroup;
			children = (
				94A0FD8723D5FF2000D18353 /* URLParameretersEncoder.swift */,
				94A0FD8923D5FF3800D18353 /* JSONParametersEncoder.swift */,
			);
			path = CustomEncoders;
			sourceTree = "<group>";
		};
/* End PBXGroup section */

/* Begin PBXNativeTarget section */
		94A0FD5523D5E00D00D18353 /* GithubRailsCommits */ = {
			isa = PBXNativeTarget;
			buildConfigurationList = 94A0FD6A23D5E00F00D18353 /* Build configuration list for PBXNativeTarget "GithubRailsCommits" */;
			buildPhases = (
				94A0FD5223D5E00D00D18353 /* Sources */,
				94A0FD5323D5E00D00D18353 /* Frameworks */,
				94A0FD5423D5E00D00D18353 /* Resources */,
			);
			buildRules = (
			);
			dependencies = (
			);
			name = GithubRailsCommits;
			productName = GithubRailsCommits;
			productReference = 94A0FD5623D5E00D00D18353 /* GithubRailsCommits.app */;
			productType = "com.apple.product-type.application";
		};
/* End PBXNativeTarget section */

/* Begin PBXProject section */
		94A0FD4E23D5E00D00D18353 /* Project object */ = {
			isa = PBXProject;
			attributes = {
				LastSwiftUpdateCheck = 1120;
				LastUpgradeCheck = 1120;
				ORGANIZATIONNAME = Sample;
				TargetAttributes = {
					94A0FD5523D5E00D00D18353 = {
						CreatedOnToolsVersion = 11.2.1;
					};
				};
			};
			buildConfigurationList = 94A0FD5123D5E00D00D18353 /* Build configuration list for PBXProject "GithubRailsCommits" */;
			compatibilityVersion = "Xcode 9.3";
			developmentRegion = en;
			hasScannedForEncodings = 0;
			knownRegions = (
				en,
				Base,
			);
			mainGroup = 94A0FD4D23D5E00D00D18353;
			productRefGroup = 94A0FD5723D5E00D00D18353 /* Products */;
			projectDirPath = "";
			projectRoot = "";
			targets = (
				94A0FD5523D5E00D00D18353 /* GithubRailsCommits */,
			);
		};
/* End PBXProject section */

/* Begin PBXResourcesBuildPhase section */
		94A0FD5423D5E00D00D18353 /* Resources */ = {
			isa = PBXResourcesBuildPhase;
			buildActionMask = 2147483647;
			files = (
				94A0FD6623D5E00F00D18353 /* LaunchScreen.storyboard in Resources */,
				94A0FD6323D5E00F00D18353 /* Assets.xcassets in Resources */,
				94A0FD6123D5E00D00D18353 /* Main.storyboard in Resources */,
			);
			runOnlyForDeploymentPostprocessing = 0;
		};
/* End PBXResourcesBuildPhase section */

/* Begin PBXSourcesBuildPhase section */
		94A0FD5223D5E00D00D18353 /* Sources */ = {
			isa = PBXSourcesBuildPhase;
			buildActionMask = 2147483647;
			files = (
				94A0FD7023D5E99A00D18353 /* Model.swift in Sources */,
				94A0FD5E23D5E00D00D18353 /* ViewController.swift in Sources */,
				94A0FD8E23D6031300D18353 /* View.swift in Sources */,
				94A0FD8C23D5FF5800D18353 /* HTTPMethod.swift in Sources */,
				94A0FD7E23D5FAAA00D18353 /* NetworkRequest.swift in Sources */,
				94A0FD9023D604AE00D18353 /* NiblessViewController.swift in Sources */,
				94A0FD8123D5FD5600D18353 /* GithubRequest.swift in Sources */,
				94A0FD5A23D5E00D00D18353 /* AppDelegate.swift in Sources */,
				94A0FD8823D5FF2000D18353 /* URLParameretersEncoder.swift in Sources */,
				94A0FD7923D5EB0900D18353 /* TableViewCell.swift in Sources */,
				94A0FD8523D5FEE700D18353 /* NSError+Extension.swift in Sources */,
				94A0FD8323D5FD9300D18353 /* RequestFactory.swift in Sources */,
				94A0FD7B23D5F9D800D18353 /* UIViewController+Extension.swift in Sources */,
				94A0FD5C23D5E00D00D18353 /* SceneDelegate.swift in Sources */,
				94A0FD6E23D5E8F600D18353 /* String+Extension.swift in Sources */,
				94A0FD8A23D5FF3800D18353 /* JSONParametersEncoder.swift in Sources */,
			);
			runOnlyForDeploymentPostprocessing = 0;
		};
/* End PBXSourcesBuildPhase section */

/* Begin PBXVariantGroup section */
		94A0FD5F23D5E00D00D18353 /* Main.storyboard */ = {
			isa = PBXVariantGroup;
			children = (
				94A0FD6023D5E00D00D18353 /* Base */,
			);
			name = Main.storyboard;
			sourceTree = "<group>";
		};
		94A0FD6423D5E00F00D18353 /* LaunchScreen.storyboard */ = {
			isa = PBXVariantGroup;
			children = (
				94A0FD6523D5E00F00D18353 /* Base */,
			);
			name = LaunchScreen.storyboard;
			sourceTree = "<group>";
		};
/* End PBXVariantGroup section */

/* Begin XCBuildConfiguration section */
		94A0FD6823D5E00F00D18353 /* Debug */ = {
			isa = XCBuildConfiguration;
			buildSettings = {
				ALWAYS_SEARCH_USER_PATHS = NO;
				CLANG_ANALYZER_NONNULL = YES;
				CLANG_ANALYZER_NUMBER_OBJECT_CONVERSION = YES_AGGRESSIVE;
				CLANG_CXX_LANGUAGE_STANDARD = "gnu++14";
				CLANG_CXX_LIBRARY = "libc++";
				CLANG_ENABLE_MODULES = YES;
				CLANG_ENABLE_OBJC_ARC = YES;
				CLANG_ENABLE_OBJC_WEAK = YES;
				CLANG_WARN_BLOCK_CAPTURE_AUTORELEASING = YES;
				CLANG_WARN_BOOL_CONVERSION = YES;
				CLANG_WARN_COMMA = YES;
				CLANG_WARN_CONSTANT_CONVERSION = YES;
				CLANG_WARN_DEPRECATED_OBJC_IMPLEMENTATIONS = YES;
				CLANG_WARN_DIRECT_OBJC_ISA_USAGE = YES_ERROR;
				CLANG_WARN_DOCUMENTATION_COMMENTS = YES;
				CLANG_WARN_EMPTY_BODY = YES;
				CLANG_WARN_ENUM_CONVERSION = YES;
				CLANG_WARN_INFINITE_RECURSION = YES;
				CLANG_WARN_INT_CONVERSION = YES;
				CLANG_WARN_NON_LITERAL_NULL_CONVERSION = YES;
				CLANG_WARN_OBJC_IMPLICIT_RETAIN_SELF = YES;
				CLANG_WARN_OBJC_LITERAL_CONVERSION = YES;
				CLANG_WARN_OBJC_ROOT_CLASS = YES_ERROR;
				CLANG_WARN_RANGE_LOOP_ANALYSIS = YES;
				CLANG_WARN_STRICT_PROTOTYPES = YES;
				CLANG_WARN_SUSPICIOUS_MOVE = YES;
				CLANG_WARN_UNGUARDED_AVAILABILITY = YES_AGGRESSIVE;
				CLANG_WARN_UNREACHABLE_CODE = YES;
				CLANG_WARN__DUPLICATE_METHOD_MATCH = YES;
				COPY_PHASE_STRIP = NO;
				DEBUG_INFORMATION_FORMAT = dwarf;
				ENABLE_STRICT_OBJC_MSGSEND = YES;
				ENABLE_TESTABILITY = YES;
				GCC_C_LANGUAGE_STANDARD = gnu11;
				GCC_DYNAMIC_NO_PIC = NO;
				GCC_NO_COMMON_BLOCKS = YES;
				GCC_OPTIMIZATION_LEVEL = 0;
				GCC_PREPROCESSOR_DEFINITIONS = (
					"DEBUG=1",
					"$(inherited)",
				);
				GCC_WARN_64_TO_32_BIT_CONVERSION = YES;
				GCC_WARN_ABOUT_RETURN_TYPE = YES_ERROR;
				GCC_WARN_UNDECLARED_SELECTOR = YES;
				GCC_WARN_UNINITIALIZED_AUTOS = YES_AGGRESSIVE;
				GCC_WARN_UNUSED_FUNCTION = YES;
				GCC_WARN_UNUSED_VARIABLE = YES;
				IPHONEOS_DEPLOYMENT_TARGET = 13.2;
				MTL_ENABLE_DEBUG_INFO = INCLUDE_SOURCE;
				MTL_FAST_MATH = YES;
				ONLY_ACTIVE_ARCH = YES;
				SDKROOT = iphoneos;
				SWIFT_ACTIVE_COMPILATION_CONDITIONS = DEBUG;
				SWIFT_OPTIMIZATION_LEVEL = "-Onone";
			};
			name = Debug;
		};
		94A0FD6923D5E00F00D18353 /* Release */ = {
			isa = XCBuildConfiguration;
			buildSettings = {
				ALWAYS_SEARCH_USER_PATHS = NO;
				CLANG_ANALYZER_NONNULL = YES;
				CLANG_ANALYZER_NUMBER_OBJECT_CONVERSION = YES_AGGRESSIVE;
				CLANG_CXX_LANGUAGE_STANDARD = "gnu++14";
				CLANG_CXX_LIBRARY = "libc++";
				CLANG_ENABLE_MODULES = YES;
				CLANG_ENABLE_OBJC_ARC = YES;
				CLANG_ENABLE_OBJC_WEAK = YES;
				CLANG_WARN_BLOCK_CAPTURE_AUTORELEASING = YES;
				CLANG_WARN_BOOL_CONVERSION = YES;
				CLANG_WARN_COMMA = YES;
				CLANG_WARN_CONSTANT_CONVERSION = YES;
				CLANG_WARN_DEPRECATED_OBJC_IMPLEMENTATIONS = YES;
				CLANG_WARN_DIRECT_OBJC_ISA_USAGE = YES_ERROR;
				CLANG_WARN_DOCUMENTATION_COMMENTS = YES;
				CLANG_WARN_EMPTY_BODY = YES;
				CLANG_WARN_ENUM_CONVERSION = YES;
				CLANG_WARN_INFINITE_RECURSION = YES;
				CLANG_WARN_INT_CONVERSION = YES;
				CLANG_WARN_NON_LITERAL_NULL_CONVERSION = YES;
				CLANG_WARN_OBJC_IMPLICIT_RETAIN_SELF = YES;
				CLANG_WARN_OBJC_LITERAL_CONVERSION = YES;
				CLANG_WARN_OBJC_ROOT_CLASS = YES_ERROR;
				CLANG_WARN_RANGE_LOOP_ANALYSIS = YES;
				CLANG_WARN_STRICT_PROTOTYPES = YES;
				CLANG_WARN_SUSPICIOUS_MOVE = YES;
				CLANG_WARN_UNGUARDED_AVAILABILITY = YES_AGGRESSIVE;
				CLANG_WARN_UNREACHABLE_CODE = YES;
				CLANG_WARN__DUPLICATE_METHOD_MATCH = YES;
				COPY_PHASE_STRIP = NO;
				DEBUG_INFORMATION_FORMAT = "dwarf-with-dsym";
				ENABLE_NS_ASSERTIONS = NO;
				ENABLE_STRICT_OBJC_MSGSEND = YES;
				GCC_C_LANGUAGE_STANDARD = gnu11;
				GCC_NO_COMMON_BLOCKS = YES;
				GCC_WARN_64_TO_32_BIT_CONVERSION = YES;
				GCC_WARN_ABOUT_RETURN_TYPE = YES_ERROR;
				GCC_WARN_UNDECLARED_SELECTOR = YES;
				GCC_WARN_UNINITIALIZED_AUTOS = YES_AGGRESSIVE;
				GCC_WARN_UNUSED_FUNCTION = YES;
				GCC_WARN_UNUSED_VARIABLE = YES;
				IPHONEOS_DEPLOYMENT_TARGET = 13.2;
				MTL_ENABLE_DEBUG_INFO = NO;
				MTL_FAST_MATH = YES;
				SDKROOT = iphoneos;
				SWIFT_COMPILATION_MODE = wholemodule;
				SWIFT_OPTIMIZATION_LEVEL = "-O";
				VALIDATE_PRODUCT = YES;
			};
			name = Release;
		};
		94A0FD6B23D5E00F00D18353 /* Debug */ = {
			isa = XCBuildConfiguration;
			buildSettings = {
				ASSETCATALOG_COMPILER_APPICON_NAME = AppIcon;
				CODE_SIGN_STYLE = Automatic;
				DEVELOPMENT_TEAM = 2824MHUPYK;
				INFOPLIST_FILE = GithubRailsCommits/Info.plist;
				LD_RUNPATH_SEARCH_PATHS = (
					"$(inherited)",
					"@executable_path/Frameworks",
				);
				PRODUCT_BUNDLE_IDENTIFIER = com.sample.GithubRailsCommits;
				PRODUCT_NAME = "$(TARGET_NAME)";
				SWIFT_VERSION = 5.0;
				TARGETED_DEVICE_FAMILY = "1,2";
			};
			name = Debug;
		};
		94A0FD6C23D5E00F00D18353 /* Release */ = {
			isa = XCBuildConfiguration;
			buildSettings = {
				ASSETCATALOG_COMPILER_APPICON_NAME = AppIcon;
				CODE_SIGN_STYLE = Automatic;
				DEVELOPMENT_TEAM = 2824MHUPYK;
				INFOPLIST_FILE = GithubRailsCommits/Info.plist;
				LD_RUNPATH_SEARCH_PATHS = (
					"$(inherited)",
					"@executable_path/Frameworks",
				);
				PRODUCT_BUNDLE_IDENTIFIER = com.sample.GithubRailsCommits;
				PRODUCT_NAME = "$(TARGET_NAME)";
				SWIFT_VERSION = 5.0;
				TARGETED_DEVICE_FAMILY = "1,2";
			};
			name = Release;
		};
/* End XCBuildConfiguration section */

/* Begin XCConfigurationList section */
		94A0FD5123D5E00D00D18353 /* Build configuration list for PBXProject "GithubRailsCommits" */ = {
			isa = XCConfigurationList;
			buildConfigurations = (
				94A0FD6823D5E00F00D18353 /* Debug */,
				94A0FD6923D5E00F00D18353 /* Release */,
			);
			defaultConfigurationIsVisible = 0;
			defaultConfigurationName = Release;
		};
		94A0FD6A23D5E00F00D18353 /* Build configuration list for PBXNativeTarget "GithubRailsCommits" */ = {
			isa = XCConfigurationList;
			buildConfigurations = (
				94A0FD6B23D5E00F00D18353 /* Debug */,
				94A0FD6C23D5E00F00D18353 /* Release */,
			);
			defaultConfigurationIsVisible = 0;
			defaultConfigurationName = Release;
		};
/* End XCConfigurationList section */
	};
	rootObject = 94A0FD4E23D5E00D00D18353 /* Project object */;
}
